
Microsoft Visual Studio Solution File, Format Version 12.00
# Visual Studio 15
VisualStudioVersion = 15.0.26124.0
MinimumVisualStudioVersion = 15.0.26124.0
Project("{2150E333-8FDC-42A3-9474-1A3956D46DE8}") = "src", "src", "{146AA9F7-CBA2-45E8-B971-1AF474B1E955}"
EndProject
Project("{FAE04EC0-301F-11D3-BF4B-00C04F79EFBC}") = "GradeBook", "src\GradeBook\GradeBook.csproj", "{C281EBE2-06BE-46C4-B94D-DBE0981F3EA6}"
EndProject
Project("{2150E333-8FDC-42A3-9474-1A3956D46DE8}") = "test", "test", "{B0560562-DEB8-4BFF-B484-A2FE72215477}"
EndProject
Project("{FAE04EC0-301F-11D3-BF4B-00C04F79EFBC}") = "GradeBook.Tests", "test\GradeBook.Tests\GradeBook.Tests.csproj", "{92C5D93F-6ACC-4EDB-89DA-933353216476}"
EndProject
Global
	GlobalSection(SolutionConfigurationPlatforms) = preSolution
		Debug|Any CPU = Debug|Any CPU
		Debug|x64 = Debug|x64
		Debug|x86 = Debug|x86
		Release|Any CPU = Release|Any CPU
		Release|x64 = Release|x64
		Release|x86 = Release|x86
	EndGlobalSection
	GlobalSection(SolutionProperties) = preSolution
		HideSolutionNode = FALSE
	EndGlobalSection
	GlobalSection(ProjectConfigurationPlatforms) = postSolution
		{C281EBE2-06BE-46C4-B94D-DBE0981F3EA6}.Debug|Any CPU.ActiveCfg = Debug|Any CPU
		{C281EBE2-06BE-46C4-B94D-DBE0981F3EA6}.Debug|Any CPU.Build.0 = Debug|Any CPU
		{C281EBE2-06BE-46C4-B94D-DBE0981F3EA6}.Debug|x64.ActiveCfg = Debug|Any CPU
		{C281EBE2-06BE-46C4-B94D-DBE0981F3EA6}.Debug|x64.Build.0 = Debug|Any CPU
		{C281EBE2-06BE-46C4-B94D-DBE0981F3EA6}.Debug|x86.ActiveCfg = Debug|Any CPU
		{C281EBE2-06BE-46C4-B94D-DBE0981F3EA6}.Debug|x86.Build.0 = Debug|Any CPU
		{C281EBE2-06BE-46C4-B94D-DBE0981F3EA6}.Release|Any CPU.ActiveCfg = Release|Any CPU
		{C281EBE2-06BE-46C4-B94D-DBE0981F3EA6}.Release|Any CPU.Build.0 = Release|Any CPU
		{C281EBE2-06BE-46C4-B94D-DBE0981F3EA6}.Release|x64.ActiveCfg = Release|Any CPU
		{C281EBE2-06BE-46C4-B94D-DBE0981F3EA6}.Release|x64.Build.0 = Release|Any CPU
		{C281EBE2-06BE-46C4-B94D-DBE0981F3EA6}.Release|x86.ActiveCfg = Release|Any CPU
		{C281EBE2-06BE-46C4-B94D-DBE0981F3EA6}.Release|x86.Build.0 = Release|Any CPU
		{92C5D93F-6ACC-4EDB-89DA-933353216476}.Debug|Any CPU.ActiveCfg = Debug|Any CPU
		{92C5D93F-6ACC-4EDB-89DA-933353216476}.Debug|Any CPU.Build.0 = Debug|Any CPU
		{92C5D93F-6ACC-4EDB-89DA-933353216476}.Debug|x64.ActiveCfg = Debug|Any CPU
		{92C5D93F-6ACC-4EDB-89DA-933353216476}.Debug|x64.Build.0 = Debug|Any CPU
		{92C5D93F-6ACC-4EDB-89DA-933353216476}.Debug|x86.ActiveCfg = Debug|Any CPU
		{92C5D93F-6ACC-4EDB-89DA-933353216476}.Debug|x86.Build.0 = Debug|Any CPU
		{92C5D93F-6ACC-4EDB-89DA-933353216476}.Release|Any CPU.ActiveCfg = Release|Any CPU
		{92C5D93F-6ACC-4EDB-89DA-933353216476}.Release|Any CPU.Build.0 = Release|Any CPU
		{92C5D93F-6ACC-4EDB-89DA-933353216476}.Release|x64.ActiveCfg = Release|Any CPU
		{92C5D93F-6ACC-4EDB-89DA-933353216476}.Release|x64.Build.0 = Release|Any CPU
		{92C5D93F-6ACC-4EDB-89DA-933353216476}.Release|x86.ActiveCfg = Release|Any CPU
		{92C5D93F-6ACC-4EDB-89DA-933353216476}.Release|x86.Build.0 = Release|Any CPU
	EndGlobalSection
	GlobalSection(NestedProjects) = preSolution
		{C281EBE2-06BE-46C4-B94D-DBE0981F3EA6} = {146AA9F7-CBA2-45E8-B971-1AF474B1E955}
		{92C5D93F-6ACC-4EDB-89DA-933353216476} = {B0560562-DEB8-4BFF-B484-A2FE72215477}
	EndGlobalSection
EndGlobal
